
Microsoft Visual Studio Solution File, Format Version 12.00
# Visual Studio Version 16
VisualStudioVersion = 16.0.29926.136
MinimumVisualStudioVersion = 10.0.40219.1
Project("{8BC9CEB8-8B4A-11D0-8D11-00A0C91BC942}") = "RxoGL-core", "RxoGL-core\RxoGL-core.vcxproj", "{E75A352A-1561-48D2-B315-3B32F503B860}"
EndProject
Project("{8BC9CEB8-8B4A-11D0-8D11-00A0C91BC942}") = "ImagineThinkingThisIsaGame", "ImagineThinkingThisIsaGame\ImagineThinkingThisIsaGame.vcxproj", "{6402F937-5C64-47F8-B3B3-BAA490DB2DDF}"
EndProject
Global
	GlobalSection(SolutionConfigurationPlatforms) = preSolution
		Debug|x64 = Debug|x64
		Debug|x86 = Debug|x86
		Release|x64 = Release|x64
		Release|x86 = Release|x86
	EndGlobalSection
	GlobalSection(ProjectConfigurationPlatforms) = postSolution
		{E75A352A-1561-48D2-B315-3B32F503B860}.Debug|x64.ActiveCfg = Debug|x64
		{E75A352A-1561-48D2-B315-3B32F503B860}.Debug|x64.Build.0 = Debug|x64
		{E75A352A-1561-48D2-B315-3B32F503B860}.Debug|x86.ActiveCfg = Debug|Win32
		{E75A352A-1561-48D2-B315-3B32F503B860}.Debug|x86.Build.0 = Debug|Win32
		{E75A352A-1561-48D2-B315-3B32F503B860}.Release|x64.ActiveCfg = Release|x64
		{E75A352A-1561-48D2-B315-3B32F503B860}.Release|x64.Build.0 = Release|x64
		{E75A352A-1561-48D2-B315-3B32F503B860}.Release|x86.ActiveCfg = Release|Win32
		{E75A352A-1561-48D2-B315-3B32F503B860}.Release|x86.Build.0 = Release|Win32
		{6402F937-5C64-47F8-B3B3-BAA490DB2DDF}.Debug|x64.ActiveCfg = Debug|x64
		{6402F937-5C64-47F8-B3B3-BAA490DB2DDF}.Debug|x64.Build.0 = Debug|x64
		{6402F937-5C64-47F8-B3B3-BAA490DB2DDF}.Debug|x86.ActiveCfg = Debug|Win32
		{6402F937-5C64-47F8-B3B3-BAA490DB2DDF}.Debug|x86.Build.0 = Debug|Win32
		{6402F937-5C64-47F8-B3B3-BAA490DB2DDF}.Release|x64.ActiveCfg = Release|x64
		{6402F937-5C64-47F8-B3B3-BAA490DB2DDF}.Release|x64.Build.0 = Release|x64
		{6402F937-5C64-47F8-B3B3-BAA490DB2DDF}.Release|x86.ActiveCfg = Release|Win32
		{6402F937-5C64-47F8-B3B3-BAA490DB2DDF}.Release|x86.Build.0 = Release|Win32
	EndGlobalSection
	GlobalSection(SolutionProperties) = preSolution
		HideSolutionNode = FALSE
	EndGlobalSection
	GlobalSection(ExtensibilityGlobals) = postSolution
		SolutionGuid = {C745A3B8-8312-42CD-A664-BF47CF8E6E0F}
	EndGlobalSection
EndGlobal
